
Microsoft Visual Studio Solution File, Format Version 12.00
# Visual Studio Version 16
VisualStudioVersion = 16.0.31402.337
MinimumVisualStudioVersion = 10.0.40219.1
Project("{9A19103F-16F7-4668-BE54-9A1E7A4F7556}") = "FAES", "FAES\FAES.csproj", "{08B774F5-E7A7-4AC9-AF6D-1F614D849996}"
EndProject
Project("{FAE04EC0-301F-11D3-BF4B-00C04F79EFBC}") = "FAESTests", "FAESTests\FAESTests.csproj", "{FBCDE657-20AE-4F94-817B-7AE045713F57}"
EndProject
Global
	GlobalSection(SolutionConfigurationPlatforms) = preSolution
		Debug|Any CPU = Debug|Any CPU
		Release|Any CPU = Release|Any CPU
	EndGlobalSection
	GlobalSection(ProjectConfigurationPlatforms) = postSolution
		{08B774F5-E7A7-4AC9-AF6D-1F614D849996}.Debug|Any CPU.ActiveCfg = Debug|Any CPU
		{08B774F5-E7A7-4AC9-AF6D-1F614D849996}.Debug|Any CPU.Build.0 = Debug|Any CPU
		{08B774F5-E7A7-4AC9-AF6D-1F614D849996}.Release|Any CPU.ActiveCfg = Release|Any CPU
		{08B774F5-E7A7-4AC9-AF6D-1F614D849996}.Release|Any CPU.Build.0 = Release|Any CPU
		{FBCDE657-20AE-4F94-817B-7AE045713F57}.Debug|Any CPU.ActiveCfg = Debug|Any CPU
		{FBCDE657-20AE-4F94-817B-7AE045713F57}.Debug|Any CPU.Build.0 = Debug|Any CPU
		{FBCDE657-20AE-4F94-817B-7AE045713F57}.Release|Any CPU.ActiveCfg = Release|Any CPU
		{FBCDE657-20AE-4F94-817B-7AE045713F57}.Release|Any CPU.Build.0 = Release|Any CPU
	EndGlobalSection
	GlobalSection(SolutionProperties) = preSolution
		HideSolutionNode = FALSE
	EndGlobalSection
	GlobalSection(ExtensibilityGlobals) = postSolution
		SolutionGuid = {C438D00A-99B5-4AD3-AC69-77EE1781CC4D}
	EndGlobalSection
EndGlobal
